
Microsoft Visual Studio Solution File, Format Version 11.00
# Visual Studio 2010
Project("{FAE04EC0-301F-11D3-BF4B-00C04F79EFBC}") = "SocialChoose.Web", "SocialChoose.Web\SocialChoose.Web.csproj", "{481383E6-475E-4DED-8051-D5EB8FD352EB}"
EndProject
Project("{FAE04EC0-301F-11D3-BF4B-00C04F79EFBC}") = "SocialChoose.Domain", "SocialChoose.Domain\SocialChoose.Domain.csproj", "{6D21EF56-E940-4CA7-BEFF-53E7F4963EE1}"
EndProject
Project("{C8D11400-126E-41CD-887F-60BD40844F9E}") = "SocialChoose.Database", "SocialChoose.Database\SocialChoose.Database.dbproj", "{67CBC824-A49E-4E9B-A947-360F3DFE65C3}"
EndProject
Global
	GlobalSection(SolutionConfigurationPlatforms) = preSolution
		Debug|Any CPU = Debug|Any CPU
		Release|Any CPU = Release|Any CPU
	EndGlobalSection
	GlobalSection(ProjectConfigurationPlatforms) = postSolution
		{481383E6-475E-4DED-8051-D5EB8FD352EB}.Debug|Any CPU.ActiveCfg = Debug|Any CPU
		{481383E6-475E-4DED-8051-D5EB8FD352EB}.Debug|Any CPU.Build.0 = Debug|Any CPU
		{481383E6-475E-4DED-8051-D5EB8FD352EB}.Release|Any CPU.ActiveCfg = Release|Any CPU
		{481383E6-475E-4DED-8051-D5EB8FD352EB}.Release|Any CPU.Build.0 = Release|Any CPU
		{6D21EF56-E940-4CA7-BEFF-53E7F4963EE1}.Debug|Any CPU.ActiveCfg = Debug|Any CPU
		{6D21EF56-E940-4CA7-BEFF-53E7F4963EE1}.Debug|Any CPU.Build.0 = Debug|Any CPU
		{6D21EF56-E940-4CA7-BEFF-53E7F4963EE1}.Release|Any CPU.ActiveCfg = Release|Any CPU
		{6D21EF56-E940-4CA7-BEFF-53E7F4963EE1}.Release|Any CPU.Build.0 = Release|Any CPU
		{67CBC824-A49E-4E9B-A947-360F3DFE65C3}.Debug|Any CPU.ActiveCfg = Debug|Any CPU
		{67CBC824-A49E-4E9B-A947-360F3DFE65C3}.Debug|Any CPU.Build.0 = Debug|Any CPU
		{67CBC824-A49E-4E9B-A947-360F3DFE65C3}.Debug|Any CPU.Deploy.0 = Debug|Any CPU
		{67CBC824-A49E-4E9B-A947-360F3DFE65C3}.Release|Any CPU.ActiveCfg = Release|Any CPU
		{67CBC824-A49E-4E9B-A947-360F3DFE65C3}.Release|Any CPU.Build.0 = Release|Any CPU
		{67CBC824-A49E-4E9B-A947-360F3DFE65C3}.Release|Any CPU.Deploy.0 = Release|Any CPU
	EndGlobalSection
	GlobalSection(SolutionProperties) = preSolution
		HideSolutionNode = FALSE
	EndGlobalSection
EndGlobal
